
Microsoft Visual Studio Solution File, Format Version 12.00
# Visual Studio Version 17
VisualStudioVersion = 17.0.31903.59
MinimumVisualStudioVersion = 10.0.40219.1
Project("{FAE04EC0-301F-11D3-BF4B-00C04F79EFBC}") = "FirmenpartnerBackend", "FirmenpartnerBackend\FirmenpartnerBackend.csproj", "{475C4470-6A7F-48F0-8624-C4D7D7BC4235}"
EndProject
Global
	GlobalSection(SolutionConfigurationPlatforms) = preSolution
		Debug|Any CPU = Debug|Any CPU
		Release|Any CPU = Release|Any CPU
	EndGlobalSection
	GlobalSection(ProjectConfigurationPlatforms) = postSolution
		{475C4470-6A7F-48F0-8624-C4D7D7BC4235}.Debug|Any CPU.ActiveCfg = Debug|Any CPU
		{475C4470-6A7F-48F0-8624-C4D7D7BC4235}.Debug|Any CPU.Build.0 = Debug|Any CPU
		{475C4470-6A7F-48F0-8624-C4D7D7BC4235}.Release|Any CPU.ActiveCfg = Release|Any CPU
		{475C4470-6A7F-48F0-8624-C4D7D7BC4235}.Release|Any CPU.Build.0 = Release|Any CPU
	EndGlobalSection
	GlobalSection(SolutionProperties) = preSolution
		HideSolutionNode = FALSE
	EndGlobalSection
	GlobalSection(ExtensibilityGlobals) = postSolution
		SolutionGuid = {C6C13894-5559-4567-B1F3-1E8241CA5C24}
	EndGlobalSection
EndGlobal
